// !$*UTF8*$!
{
	archiveVersion = 1;
	classes = {
	};
	objectVersion = 50;
	objects = {

/* Begin PBXBuildFile section */
		2B6F2B0622F15B6D00BB6CD9 /* AppDelegate.swift in Sources */ = {isa = PBXBuildFile; fileRef = 2B6F2B0522F15B6D00BB6CD9 /* AppDelegate.swift */; };
		2B6F2B0822F15B6D00BB6CD9 /* ViewController.swift in Sources */ = {isa = PBXBuildFile; fileRef = 2B6F2B0722F15B6D00BB6CD9 /* ViewController.swift */; };
		2B6F2B0B22F15B6D00BB6CD9 /* Main.storyboard in Resources */ = {isa = PBXBuildFile; fileRef = 2B6F2B0922F15B6D00BB6CD9 /* Main.storyboard */; };
		2B6F2B0D22F15B6D00BB6CD9 /* Assets.xcassets in Resources */ = {isa = PBXBuildFile; fileRef = 2B6F2B0C22F15B6D00BB6CD9 /* Assets.xcassets */; };
		2B6F2B1022F15B6D00BB6CD9 /* LaunchScreen.storyboard in Resources */ = {isa = PBXBuildFile; fileRef = 2B6F2B0E22F15B6D00BB6CD9 /* LaunchScreen.storyboard */; };
		2B6F2B1B22F15B6E00BB6CD9 /* DiffInSwiftTests.swift in Sources */ = {isa = PBXBuildFile; fileRef = 2B6F2B1A22F15B6E00BB6CD9 /* DiffInSwiftTests.swift */; };
/* End PBXBuildFile section */

/* Begin PBXContainerItemProxy section */
		2B6F2B1722F15B6E00BB6CD9 /* PBXContainerItemProxy */ = {
			isa = PBXContainerItemProxy;
			containerPortal = 2B6F2AFA22F15B6D00BB6CD9 /* Project object */;
			proxyType = 1;
			remoteGlobalIDString = 2B6F2B0122F15B6D00BB6CD9;
			remoteInfo = DiffInSwift;
		};
/* End PBXContainerItemProxy section */

/* Begin PBXFileReference section */
		2B6F2B0222F15B6D00BB6CD9 /* DiffInSwift.app */ = {isa = PBXFileReference; explicitFileType = wrapper.application; includeInIndex = 0; path = DiffInSwift.app; sourceTree = BUILT_PRODUCTS_DIR; };
		2B6F2B0522F15B6D00BB6CD9 /* AppDelegate.swift */ = {isa = PBXFileReference; lastKnownFileType = sourcecode.swift; path = AppDelegate.swift; sourceTree = "<group>"; };
		2B6F2B0722F15B6D00BB6CD9 /* ViewController.swift */ = {isa = PBXFileReference; lastKnownFileType = sourcecode.swift; path = ViewController.swift; sourceTree = "<group>"; };
		2B6F2B0A22F15B6D00BB6CD9 /* Base */ = {isa = PBXFileReference; lastKnownFileType = file.storyboard; name = Base; path = Base.lproj/Main.storyboard; sourceTree = "<group>"; };
		2B6F2B0C22F15B6D00BB6CD9 /* Assets.xcassets */ = {isa = PBXFileReference; lastKnownFileType = folder.assetcatalog; path = Assets.xcassets; sourceTree = "<group>"; };
		2B6F2B0F22F15B6D00BB6CD9 /* Base */ = {isa = PBXFileReference; lastKnownFileType = file.storyboard; name = Base; path = Base.lproj/LaunchScreen.storyboard; sourceTree = "<group>"; };
		2B6F2B1122F15B6D00BB6CD9 /* Info.plist */ = {isa = PBXFileReference; lastKnownFileType = text.plist.xml; path = Info.plist; sourceTree = "<group>"; };
		2B6F2B1622F15B6E00BB6CD9 /* DiffInSwiftTests.xctest */ = {isa = PBXFileReference; explicitFileType = wrapper.cfbundle; includeInIndex = 0; path = DiffInSwiftTests.xctest; sourceTree = BUILT_PRODUCTS_DIR; };
		2B6F2B1A22F15B6E00BB6CD9 /* DiffInSwiftTests.swift */ = {isa = PBXFileReference; lastKnownFileType = sourcecode.swift; path = DiffInSwiftTests.swift; sourceTree = "<group>"; };
		2B6F2B1C22F15B6E00BB6CD9 /* Info.plist */ = {isa = PBXFileReference; lastKnownFileType = text.plist.xml; path = Info.plist; sourceTree = "<group>"; };
/* End PBXFileReference section */

/* Begin PBXFrameworksBuildPhase section */
		2B6F2AFF22F15B6D00BB6CD9 /* Frameworks */ = {
			isa = PBXFrameworksBuildPhase;
			buildActionMask = 2147483647;
			files = (
			);
			runOnlyForDeploymentPostprocessing = 0;
		};
		2B6F2B1322F15B6E00BB6CD9 /* Frameworks */ = {
			isa = PBXFrameworksBuildPhase;
			buildActionMask = 2147483647;
			files = (
			);
			runOnlyForDeploymentPostprocessing = 0;
		};
/* End PBXFrameworksBuildPhase section */

/* Begin PBXGroup section */
		2B6F2AF922F15B6D00BB6CD9 = {
			isa = PBXGroup;
			children = (
				2B6F2B0422F15B6D00BB6CD9 /* DiffInSwift */,
				2B6F2B1922F15B6E00BB6CD9 /* DiffInSwiftTests */,
				2B6F2B0322F15B6D00BB6CD9 /* Products */,
			);
			sourceTree = "<group>";
		};
		2B6F2B0322F15B6D00BB6CD9 /* Products */ = {
			isa = PBXGroup;
			children = (
				2B6F2B0222F15B6D00BB6CD9 /* DiffInSwift.app */,
				2B6F2B1622F15B6E00BB6CD9 /* DiffInSwiftTests.xctest */,
			);
			name = Products;
			sourceTree = "<group>";
		};
		2B6F2B0422F15B6D00BB6CD9 /* DiffInSwift */ = {
			isa = PBXGroup;
			children = (
				2B6F2B0522F15B6D00BB6CD9 /* AppDelegate.swift */,
				2B6F2B0722F15B6D00BB6CD9 /* ViewController.swift */,
				2B6F2B0922F15B6D00BB6CD9 /* Main.storyboard */,
				2B6F2B0C22F15B6D00BB6CD9 /* Assets.xcassets */,
				2B6F2B0E22F15B6D00BB6CD9 /* LaunchScreen.storyboard */,
				2B6F2B1122F15B6D00BB6CD9 /* Info.plist */,
			);
			path = DiffInSwift;
			sourceTree = "<group>";
		};
		2B6F2B1922F15B6E00BB6CD9 /* DiffInSwiftTests */ = {
			isa = PBXGroup;
			children = (
				2B6F2B1A22F15B6E00BB6CD9 /* DiffInSwiftTests.swift */,
				2B6F2B1C22F15B6E00BB6CD9 /* Info.plist */,
			);
			path = DiffInSwiftTests;
			sourceTree = "<group>";
		};
/* End PBXGroup section */

/* Begin PBXNativeTarget section */
		2B6F2B0122F15B6D00BB6CD9 /* DiffInSwift */ = {
			isa = PBXNativeTarget;
			buildConfigurationList = 2B6F2B1F22F15B6E00BB6CD9 /* Build configuration list for PBXNativeTarget "DiffInSwift" */;
			buildPhases = (
				2B6F2AFE22F15B6D00BB6CD9 /* Sources */,
				2B6F2AFF22F15B6D00BB6CD9 /* Frameworks */,
				2B6F2B0022F15B6D00BB6CD9 /* Resources */,
			);
			buildRules = (
			);
			dependencies = (
			);
			name = DiffInSwift;
			productName = DiffInSwift;
			productReference = 2B6F2B0222F15B6D00BB6CD9 /* DiffInSwift.app */;
			productType = "com.apple.product-type.application";
		};
		2B6F2B1522F15B6E00BB6CD9 /* DiffInSwiftTests */ = {
			isa = PBXNativeTarget;
			buildConfigurationList = 2B6F2B2222F15B6E00BB6CD9 /* Build configuration list for PBXNativeTarget "DiffInSwiftTests" */;
			buildPhases = (
				2B6F2B1222F15B6E00BB6CD9 /* Sources */,
				2B6F2B1322F15B6E00BB6CD9 /* Frameworks */,
				2B6F2B1422F15B6E00BB6CD9 /* Resources */,
			);
			buildRules = (
			);
			dependencies = (
				2B6F2B1822F15B6E00BB6CD9 /* PBXTargetDependency */,
			);
			name = DiffInSwiftTests;
			productName = DiffInSwiftTests;
			productReference = 2B6F2B1622F15B6E00BB6CD9 /* DiffInSwiftTests.xctest */;
			productType = "com.apple.product-type.bundle.unit-test";
		};
/* End PBXNativeTarget section */

/* Begin PBXProject section */
		2B6F2AFA22F15B6D00BB6CD9 /* Project object */ = {
			isa = PBXProject;
			attributes = {
				LastSwiftUpdateCheck = 1030;
				LastUpgradeCheck = 1030;
				ORGANIZATIONNAME = bytedance;
				TargetAttributes = {
					2B6F2B0122F15B6D00BB6CD9 = {
						CreatedOnToolsVersion = 10.3;
					};
					2B6F2B1522F15B6E00BB6CD9 = {
						CreatedOnToolsVersion = 10.3;
						TestTargetID = 2B6F2B0122F15B6D00BB6CD9;
					};
				};
			};
			buildConfigurationList = 2B6F2AFD22F15B6D00BB6CD9 /* Build configuration list for PBXProject "DiffInSwift" */;
			compatibilityVersion = "Xcode 9.3";
			developmentRegion = en;
			hasScannedForEncodings = 0;
			knownRegions = (
				en,
				Base,
			);
			mainGroup = 2B6F2AF922F15B6D00BB6CD9;
			productRefGroup = 2B6F2B0322F15B6D00BB6CD9 /* Products */;
			projectDirPath = "";
			projectRoot = "";
			targets = (
				2B6F2B0122F15B6D00BB6CD9 /* DiffInSwift */,
				2B6F2B1522F15B6E00BB6CD9 /* DiffInSwiftTests */,
			);
		};
/* End PBXProject section */

/* Begin PBXResourcesBuildPhase section */
		2B6F2B0022F15B6D00BB6CD9 /* Resources */ = {
			isa = PBXResourcesBuildPhase;
			buildActionMask = 2147483647;
			files = (
				2B6F2B1022F15B6D00BB6CD9 /* LaunchScreen.storyboard in Resources */,
				2B6F2B0D22F15B6D00BB6CD9 /* Assets.xcassets in Resources */,
				2B6F2B0B22F15B6D00BB6CD9 /* Main.storyboard in Resources */,
			);
			runOnlyForDeploymentPostprocessing = 0;
		};
		2B6F2B1422F15B6E00BB6CD9 /* Resources */ = {
			isa = PBXResourcesBuildPhase;
			buildActionMask = 2147483647;
			files = (
			);
			runOnlyForDeploymentPostprocessing = 0;
		};
/* End PBXResourcesBuildPhase section */

/* Begin PBXSourcesBuildPhase section */
		2B6F2AFE22F15B6D00BB6CD9 /* Sources */ = {
			isa = PBXSourcesBuildPhase;
			buildActionMask = 2147483647;
			files = (
				2B6F2B0822F15B6D00BB6CD9 /* ViewController.swift in Sources */,
				2B6F2B0622F15B6D00BB6CD9 /* AppDelegate.swift in Sources */,
			);
			runOnlyForDeploymentPostprocessing = 0;
		};
		2B6F2B1222F15B6E00BB6CD9 /* Sources */ = {
			isa = PBXSourcesBuildPhase;
			buildActionMask = 2147483647;
			files = (
				2B6F2B1B22F15B6E00BB6CD9 /* DiffInSwiftTests.swift in Sources */,
			);
			runOnlyForDeploymentPostprocessing = 0;
		};
/* End PBXSourcesBuildPhase section */

/* Begin PBXTargetDependency section */
		2B6F2B1822F15B6E00BB6CD9 /* PBXTargetDependency */ = {
			isa = PBXTargetDependency;
			target = 2B6F2B0122F15B6D00BB6CD9 /* DiffInSwift */;
			targetProxy = 2B6F2B1722F15B6E00BB6CD9 /* PBXContainerItemProxy */;
		};
/* End PBXTargetDependency section */

/* Begin PBXVariantGroup section */
		2B6F2B0922F15B6D00BB6CD9 /* Main.storyboard */ = {
			isa = PBXVariantGroup;
			children = (
				2B6F2B0A22F15B6D00BB6CD9 /* Base */,
			);
			name = Main.storyboard;
			sourceTree = "<group>";
		};
		2B6F2B0E22F15B6D00BB6CD9 /* LaunchScreen.storyboard */ = {
			isa = PBXVariantGroup;
			children = (
				2B6F2B0F22F15B6D00BB6CD9 /* Base */,
			);
			name = LaunchScreen.storyboard;
			sourceTree = "<group>";
		};
/* End PBXVariantGroup section */

/* Begin XCBuildConfiguration section */
		2B6F2B1D22F15B6E00BB6CD9 /* Debug */ = {
			isa = XCBuildConfiguration;
			buildSettings = {
				ALWAYS_SEARCH_USER_PATHS = NO;
				CLANG_ANALYZER_NONNULL = YES;
				CLANG_ANALYZER_NUMBER_OBJECT_CONVERSION = YES_AGGRESSIVE;
				CLANG_CXX_LANGUAGE_STANDARD = "gnu++14";
				CLANG_CXX_LIBRARY = "libc++";
				CLANG_ENABLE_MODULES = YES;
				CLANG_ENABLE_OBJC_ARC = YES;
				CLANG_ENABLE_OBJC_WEAK = YES;
				CLANG_WARN_BLOCK_CAPTURE_AUTORELEASING = YES;
				CLANG_WARN_BOOL_CONVERSION = YES;
				CLANG_WARN_COMMA = YES;
				CLANG_WARN_CONSTANT_CONVERSION = YES;
				CLANG_WARN_DEPRECATED_OBJC_IMPLEMENTATIONS = YES;
				CLANG_WARN_DIRECT_OBJC_ISA_USAGE = YES_ERROR;
				CLANG_WARN_DOCUMENTATION_COMMENTS = YES;
				CLANG_WARN_EMPTY_BODY = YES;
				CLANG_WARN_ENUM_CONVERSION = YES;
				CLANG_WARN_INFINITE_RECURSION = YES;
				CLANG_WARN_INT_CONVERSION = YES;
				CLANG_WARN_NON_LITERAL_NULL_CONVERSION = YES;
				CLANG_WARN_OBJC_IMPLICIT_RETAIN_SELF = YES;
				CLANG_WARN_OBJC_LITERAL_CONVERSION = YES;
				CLANG_WARN_OBJC_ROOT_CLASS = YES_ERROR;
				CLANG_WARN_RANGE_LOOP_ANALYSIS = YES;
				CLANG_WARN_STRICT_PROTOTYPES = YES;
				CLANG_WARN_SUSPICIOUS_MOVE = YES;
				CLANG_WARN_UNGUARDED_AVAILABILITY = YES_AGGRESSIVE;
				CLANG_WARN_UNREACHABLE_CODE = YES;
				CLANG_WARN__DUPLICATE_METHOD_MATCH = YES;
				CODE_SIGN_IDENTITY = "iPhone Developer";
				COPY_PHASE_STRIP = NO;
				DEBUG_INFORMATION_FORMAT = dwarf;
				ENABLE_STRICT_OBJC_MSGSEND = YES;
				ENABLE_TESTABILITY = YES;
				GCC_C_LANGUAGE_STANDARD = gnu11;
				GCC_DYNAMIC_NO_PIC = NO;
				GCC_NO_COMMON_BLOCKS = YES;
				GCC_OPTIMIZATION_LEVEL = 0;
				GCC_PREPROCESSOR_DEFINITIONS = (
					"DEBUG=1",
					"$(inherited)",
				);
				GCC_WARN_64_TO_32_BIT_CONVERSION = YES;
				GCC_WARN_ABOUT_RETURN_TYPE = YES_ERROR;
				GCC_WARN_UNDECLARED_SELECTOR = YES;
				GCC_WARN_UNINITIALIZED_AUTOS = YES_AGGRESSIVE;
				GCC_WARN_UNUSED_FUNCTION = YES;
				GCC_WARN_UNUSED_VARIABLE = YES;
				IPHONEOS_DEPLOYMENT_TARGET = 12.4;
				MTL_ENABLE_DEBUG_INFO = INCLUDE_SOURCE;
				MTL_FAST_MATH = YES;
				ONLY_ACTIVE_ARCH = YES;
				SDKROOT = iphoneos;
				SWIFT_ACTIVE_COMPILATION_CONDITIONS = DEBUG;
				SWIFT_OPTIMIZATION_LEVEL = "-Onone";
			};
			name = Debug;
		};
		2B6F2B1E22F15B6E00BB6CD9 /* Release */ = {
			isa = XCBuildConfiguration;
			buildSettings = {
				ALWAYS_SEARCH_USER_PATHS = NO;
				CLANG_ANALYZER_NONNULL = YES;
				CLANG_ANALYZER_NUMBER_OBJECT_CONVERSION = YES_AGGRESSIVE;
				CLANG_CXX_LANGUAGE_STANDARD = "gnu++14";
				CLANG_CXX_LIBRARY = "libc++";
				CLANG_ENABLE_MODULES = YES;
				CLANG_ENABLE_OBJC_ARC = YES;
				CLANG_ENABLE_OBJC_WEAK = YES;
				CLANG_WARN_BLOCK_CAPTURE_AUTORELEASING = YES;
				CLANG_WARN_BOOL_CONVERSION = YES;
				CLANG_WARN_COMMA = YES;
				CLANG_WARN_CONSTANT_CONVERSION = YES;
				CLANG_WARN_DEPRECATED_OBJC_IMPLEMENTATIONS = YES;
				CLANG_WARN_DIRECT_OBJC_ISA_USAGE = YES_ERROR;
				CLANG_WARN_DOCUMENTATION_COMMENTS = YES;
				CLANG_WARN_EMPTY_BODY = YES;
				CLANG_WARN_ENUM_CONVERSION = YES;
				CLANG_WARN_INFINITE_RECURSION = YES;
				CLANG_WARN_INT_CONVERSION = YES;
				CLANG_WARN_NON_LITERAL_NULL_CONVERSION = YES;
				CLANG_WARN_OBJC_IMPLICIT_RETAIN_SELF = YES;
				CLANG_WARN_OBJC_LITERAL_CONVERSION = YES;
				CLANG_WARN_OBJC_ROOT_CLASS = YES_ERROR;
				CLANG_WARN_RANGE_LOOP_ANALYSIS = YES;
				CLANG_WARN_STRICT_PROTOTYPES = YES;
				CLANG_WARN_SUSPICIOUS_MOVE = YES;
				CLANG_WARN_UNGUARDED_AVAILABILITY = YES_AGGRESSIVE;
				CLANG_WARN_UNREACHABLE_CODE = YES;
				CLANG_WARN__DUPLICATE_METHOD_MATCH = YES;
				CODE_SIGN_IDENTITY = "iPhone Developer";
				COPY_PHASE_STRIP = NO;
				DEBUG_INFORMATION_FORMAT = "dwarf-with-dsym";
				ENABLE_NS_ASSERTIONS = NO;
				ENABLE_STRICT_OBJC_MSGSEND = YES;
				GCC_C_LANGUAGE_STANDARD = gnu11;
				GCC_NO_COMMON_BLOCKS = YES;
				GCC_WARN_64_TO_32_BIT_CONVERSION = YES;
				GCC_WARN_ABOUT_RETURN_TYPE = YES_ERROR;
				GCC_WARN_UNDECLARED_SELECTOR = YES;
				GCC_WARN_UNINITIALIZED_AUTOS = YES_AGGRESSIVE;
				GCC_WARN_UNUSED_FUNCTION = YES;
				GCC_WARN_UNUSED_VARIABLE = YES;
				IPHONEOS_DEPLOYMENT_TARGET = 12.4;
				MTL_ENABLE_DEBUG_INFO = NO;
				MTL_FAST_MATH = YES;
				SDKROOT = iphoneos;
				SWIFT_COMPILATION_MODE = wholemodule;
				SWIFT_OPTIMIZATION_LEVEL = "-O";
				VALIDATE_PRODUCT = YES;
			};
			name = Release;
		};
		2B6F2B2022F15B6E00BB6CD9 /* Debug */ = {
			isa = XCBuildConfiguration;
			buildSettings = {
				ASSETCATALOG_COMPILER_APPICON_NAME = AppIcon;
				CODE_SIGN_STYLE = Automatic;
				INFOPLIST_FILE = DiffInSwift/Info.plist;
				LD_RUNPATH_SEARCH_PATHS = (
					"$(inherited)",
					"@executable_path/Frameworks",
				);
				PRODUCT_BUNDLE_IDENTIFIER = space.xrk.DiffInSwift;
				PRODUCT_NAME = "$(TARGET_NAME)";
				SWIFT_VERSION = 5.0;
				TARGETED_DEVICE_FAMILY = "1,2";
			};
			name = Debug;
		};
		2B6F2B2122F15B6E00BB6CD9 /* Release */ = {
			isa = XCBuildConfiguration;
			buildSettings = {
				ASSETCATALOG_COMPILER_APPICON_NAME = AppIcon;
				CODE_SIGN_STYLE = Automatic;
				INFOPLIST_FILE = DiffInSwift/Info.plist;
				LD_RUNPATH_SEARCH_PATHS = (
					"$(inherited)",
					"@executable_path/Frameworks",
				);
				PRODUCT_BUNDLE_IDENTIFIER = space.xrk.DiffInSwift;
				PRODUCT_NAME = "$(TARGET_NAME)";
				SWIFT_VERSION = 5.0;
				TARGETED_DEVICE_FAMILY = "1,2";
			};
			name = Release;
		};
		2B6F2B2322F15B6E00BB6CD9 /* Debug */ = {
			isa = XCBuildConfiguration;
			buildSettings = {
				ALWAYS_EMBED_SWIFT_STANDARD_LIBRARIES = YES;
				BUNDLE_LOADER = "$(TEST_HOST)";
				CODE_SIGN_STYLE = Automatic;
				INFOPLIST_FILE = DiffInSwiftTests/Info.plist;
				LD_RUNPATH_SEARCH_PATHS = (
					"$(inherited)",
					"@executable_path/Frameworks",
					"@loader_path/Frameworks",
				);
				PRODUCT_BUNDLE_IDENTIFIER = space.xrk.DiffInSwiftTests;
				PRODUCT_NAME = "$(TARGET_NAME)";
				SWIFT_VERSION = 5.0;
				TARGETED_DEVICE_FAMILY = "1,2";
				TEST_HOST = "$(BUILT_PRODUCTS_DIR)/DiffInSwift.app/DiffInSwift";
			};
			name = Debug;
		};
		2B6F2B2422F15B6E00BB6CD9 /* Release */ = {
			isa = XCBuildConfiguration;
			buildSettings = {
				ALWAYS_EMBED_SWIFT_STANDARD_LIBRARIES = YES;
				BUNDLE_LOADER = "$(TEST_HOST)";
				CODE_SIGN_STYLE = Automatic;
				INFOPLIST_FILE = DiffInSwiftTests/Info.plist;
				LD_RUNPATH_SEARCH_PATHS = (
					"$(inherited)",
					"@executable_path/Frameworks",
					"@loader_path/Frameworks",
				);
				PRODUCT_BUNDLE_IDENTIFIER = space.xrk.DiffInSwiftTests;
				PRODUCT_NAME = "$(TARGET_NAME)";
				SWIFT_VERSION = 5.0;
				TARGETED_DEVICE_FAMILY = "1,2";
				TEST_HOST = "$(BUILT_PRODUCTS_DIR)/DiffInSwift.app/DiffInSwift";
			};
			name = Release;
		};
/* End XCBuildConfiguration section */

/* Begin XCConfigurationList section */
		2B6F2AFD22F15B6D00BB6CD9 /* Build configuration list for PBXProject "DiffInSwift" */ = {
			isa = XCConfigurationList;
			buildConfigurations = (
				2B6F2B1D22F15B6E00BB6CD9 /* Debug */,
				2B6F2B1E22F15B6E00BB6CD9 /* Release */,
			);
			defaultConfigurationIsVisible = 0;
			defaultConfigurationName = Release;
		};
		2B6F2B1F22F15B6E00BB6CD9 /* Build configuration list for PBXNativeTarget "DiffInSwift" */ = {
			isa = XCConfigurationList;
			buildConfigurations = (
				2B6F2B2022F15B6E00BB6CD9 /* Debug */,
				2B6F2B2122F15B6E00BB6CD9 /* Release */,
			);
			defaultConfigurationIsVisible = 0;
			defaultConfigurationName = Release;
		};
		2B6F2B2222F15B6E00BB6CD9 /* Build configuration list for PBXNativeTarget "DiffInSwiftTests" */ = {
			isa = XCConfigurationList;
			buildConfigurations = (
				2B6F2B2322F15B6E00BB6CD9 /* Debug */,
				2B6F2B2422F15B6E00BB6CD9 /* Release */,
			);
			defaultConfigurationIsVisible = 0;
			defaultConfigurationName = Release;
		};
/* End XCConfigurationList section */
	};
	rootObject = 2B6F2AFA22F15B6D00BB6CD9 /* Project object */;
}
